
Microsoft Visual Studio Solution File, Format Version 12.00
# Visual Studio 15
Project("{FAE04EC0-301F-11D3-BF4B-00C04F79EFBC}") = "spine-unity", "spine-unity.csproj", "{FBC87AC1-7D67-BB43-1C50-7DB9F467E751}"
EndProject
Project("{FAE04EC0-301F-11D3-BF4B-00C04F79EFBC}") = "Assembly-CSharp", "Assembly-CSharp.csproj", "{D587084E-DAF5-87BA-2421-7457159F5C1E}"
EndProject
Project("{FAE04EC0-301F-11D3-BF4B-00C04F79EFBC}") = "spine-unity-editor", "spine-unity-editor.csproj", "{8EE86417-5F42-E4FB-E296-FBB502EB6CAD}"
EndProject
Global
	GlobalSection(SolutionConfigurationPlatforms) = preSolution
		Debug|Any CPU = Debug|Any CPU
		Release|Any CPU = Release|Any CPU
	EndGlobalSection
	GlobalSection(ProjectConfigurationPlatforms) = postSolution
		{FBC87AC1-7D67-BB43-1C50-7DB9F467E751}.Debug|Any CPU.ActiveCfg = Debug|Any CPU
		{FBC87AC1-7D67-BB43-1C50-7DB9F467E751}.Debug|Any CPU.Build.0 = Debug|Any CPU
		{FBC87AC1-7D67-BB43-1C50-7DB9F467E751}.Release|Any CPU.ActiveCfg = Release|Any CPU
		{FBC87AC1-7D67-BB43-1C50-7DB9F467E751}.Release|Any CPU.Build.0 = Release|Any CPU
		{D587084E-DAF5-87BA-2421-7457159F5C1E}.Debug|Any CPU.ActiveCfg = Debug|Any CPU
		{D587084E-DAF5-87BA-2421-7457159F5C1E}.Debug|Any CPU.Build.0 = Debug|Any CPU
		{D587084E-DAF5-87BA-2421-7457159F5C1E}.Release|Any CPU.ActiveCfg = Release|Any CPU
		{D587084E-DAF5-87BA-2421-7457159F5C1E}.Release|Any CPU.Build.0 = Release|Any CPU
		{8EE86417-5F42-E4FB-E296-FBB502EB6CAD}.Debug|Any CPU.ActiveCfg = Debug|Any CPU
		{8EE86417-5F42-E4FB-E296-FBB502EB6CAD}.Debug|Any CPU.Build.0 = Debug|Any CPU
		{8EE86417-5F42-E4FB-E296-FBB502EB6CAD}.Release|Any CPU.ActiveCfg = Release|Any CPU
		{8EE86417-5F42-E4FB-E296-FBB502EB6CAD}.Release|Any CPU.Build.0 = Release|Any CPU
	EndGlobalSection
	GlobalSection(SolutionProperties) = preSolution
		HideSolutionNode = FALSE
	EndGlobalSection
EndGlobal
